
Microsoft Visual Studio Solution File, Format Version 12.00
# Visual Studio Version 17
VisualStudioVersion = 17.0.31903.59
MinimumVisualStudioVersion = 10.0.40219.1
Project("{FAE04EC0-301F-11D3-BF4B-00C04F79EFBC}") = "ApiKeyManager", "ApiKeyManager.csproj", "{042F9671-50A1-4135-A04C-11CB9637FBB2}"
EndProject
Project("{2150E333-8FDC-42A3-9474-1A3956D46DE8}") = "tests", "tests", "{AD11156B-D8AF-414A-B289-7F198E0BAA24}"
EndProject
Project("{FAE04EC0-301F-11D3-BF4B-00C04F79EFBC}") = "ApiKeyManager.Tests", "tests\ApiKeyManager.Tests\ApiKeyManager.Tests.csproj", "{CF244716-0C4A-4F87-A283-D94AA043F24C}"
EndProject
Global
	GlobalSection(SolutionConfigurationPlatforms) = preSolution
		Debug|Any CPU = Debug|Any CPU
		Release|Any CPU = Release|Any CPU
	EndGlobalSection
	GlobalSection(SolutionProperties) = preSolution
		HideSolutionNode = FALSE
	EndGlobalSection
	GlobalSection(ProjectConfigurationPlatforms) = postSolution
		{042F9671-50A1-4135-A04C-11CB9637FBB2}.Debug|Any CPU.ActiveCfg = Debug|Any CPU
		{042F9671-50A1-4135-A04C-11CB9637FBB2}.Debug|Any CPU.Build.0 = Debug|Any CPU
		{042F9671-50A1-4135-A04C-11CB9637FBB2}.Release|Any CPU.ActiveCfg = Release|Any CPU
		{042F9671-50A1-4135-A04C-11CB9637FBB2}.Release|Any CPU.Build.0 = Release|Any CPU
		{CF244716-0C4A-4F87-A283-D94AA043F24C}.Debug|Any CPU.ActiveCfg = Debug|Any CPU
		{CF244716-0C4A-4F87-A283-D94AA043F24C}.Debug|Any CPU.Build.0 = Debug|Any CPU
		{CF244716-0C4A-4F87-A283-D94AA043F24C}.Release|Any CPU.ActiveCfg = Release|Any CPU
		{CF244716-0C4A-4F87-A283-D94AA043F24C}.Release|Any CPU.Build.0 = Release|Any CPU
	EndGlobalSection
	GlobalSection(NestedProjects) = preSolution
		{CF244716-0C4A-4F87-A283-D94AA043F24C} = {AD11156B-D8AF-414A-B289-7F198E0BAA24}
	EndGlobalSection
EndGlobal
