
Microsoft Visual Studio Solution File, Format Version 12.00
# Visual Studio Version 17
VisualStudioVersion = 17.0.31903.59
MinimumVisualStudioVersion = 10.0.40219.1
Project("{2150E333-8FDC-42A3-9474-1A3956D46DE8}") = "src", "src", "{1351AC88-7B11-493A-815F-BCF39DA366CD}"
EndProject
Project("{FAE04EC0-301F-11D3-BF4B-00C04F79EFBC}") = "ApiKeyManager.Core", "src\ApiKeyManager.Core\ApiKeyManager.Core.csproj", "{48A1CFBB-B6DE-48FF-B588-A63133D28465}"
EndProject
Project("{FAE04EC0-301F-11D3-BF4B-00C04F79EFBC}") = "ApiKeyManager.Wpf", "src\ApiKeyManager.Wpf\ApiKeyManager.Wpf.csproj", "{202F09BA-4E34-483E-AD36-FB38FA20AC89}"
EndProject
Project("{2150E333-8FDC-42A3-9474-1A3956D46DE8}") = "tests", "tests", "{C39B0819-7922-40D4-A2A3-C0F60E5E07E1}"
EndProject
Project("{FAE04EC0-301F-11D3-BF4B-00C04F79EFBC}") = "ApiKeyManager.Tests", "tests\ApiKeyManager.Tests\ApiKeyManager.Tests.csproj", "{C19FCC07-F2A5-4401-9421-DFED31D46829}"
EndProject
Global
	GlobalSection(SolutionConfigurationPlatforms) = preSolution
		Debug|Any CPU = Debug|Any CPU
		Release|Any CPU = Release|Any CPU
	EndGlobalSection
	GlobalSection(SolutionProperties) = preSolution
		HideSolutionNode = FALSE
	EndGlobalSection
	GlobalSection(ProjectConfigurationPlatforms) = postSolution
		{48A1CFBB-B6DE-48FF-B588-A63133D28465}.Debug|Any CPU.ActiveCfg = Debug|Any CPU
		{48A1CFBB-B6DE-48FF-B588-A63133D28465}.Debug|Any CPU.Build.0 = Debug|Any CPU
		{48A1CFBB-B6DE-48FF-B588-A63133D28465}.Release|Any CPU.ActiveCfg = Release|Any CPU
		{48A1CFBB-B6DE-48FF-B588-A63133D28465}.Release|Any CPU.Build.0 = Release|Any CPU
		{202F09BA-4E34-483E-AD36-FB38FA20AC89}.Debug|Any CPU.ActiveCfg = Debug|Any CPU
		{202F09BA-4E34-483E-AD36-FB38FA20AC89}.Debug|Any CPU.Build.0 = Debug|Any CPU
		{202F09BA-4E34-483E-AD36-FB38FA20AC89}.Release|Any CPU.ActiveCfg = Release|Any CPU
		{202F09BA-4E34-483E-AD36-FB38FA20AC89}.Release|Any CPU.Build.0 = Release|Any CPU
		{C19FCC07-F2A5-4401-9421-DFED31D46829}.Debug|Any CPU.ActiveCfg = Debug|Any CPU
		{C19FCC07-F2A5-4401-9421-DFED31D46829}.Debug|Any CPU.Build.0 = Debug|Any CPU
		{C19FCC07-F2A5-4401-9421-DFED31D46829}.Release|Any CPU.ActiveCfg = Release|Any CPU
		{C19FCC07-F2A5-4401-9421-DFED31D46829}.Release|Any CPU.Build.0 = Release|Any CPU
	EndGlobalSection
	GlobalSection(NestedProjects) = preSolution
		{48A1CFBB-B6DE-48FF-B588-A63133D28465} = {1351AC88-7B11-493A-815F-BCF39DA366CD}
		{202F09BA-4E34-483E-AD36-FB38FA20AC89} = {1351AC88-7B11-493A-815F-BCF39DA366CD}
		{C19FCC07-F2A5-4401-9421-DFED31D46829} = {C39B0819-7922-40D4-A2A3-C0F60E5E07E1}
	EndGlobalSection
EndGlobal
